
Microsoft Visual Studio Solution File, Format Version 12.00
# Visual Studio Version 17
VisualStudioVersion = 17.5.33530.505
MinimumVisualStudioVersion = 10.0.40219.1
Project("{9A19103F-16F7-4668-BE54-9A1E7A4F7556}") = "BlazoreApp", "BlazoreApp\BlazoreApp.csproj", "{319D7430-0962-4518-AF5A-1CA0E4D0B538}"
EndProject
Global
	GlobalSection(SolutionConfigurationPlatforms) = preSolution
		Debug|Any CPU = Debug|Any CPU
		Release|Any CPU = Release|Any CPU
	EndGlobalSection
	GlobalSection(ProjectConfigurationPlatforms) = postSolution
		{319D7430-0962-4518-AF5A-1CA0E4D0B538}.Debug|Any CPU.ActiveCfg = Debug|Any CPU
		{319D7430-0962-4518-AF5A-1CA0E4D0B538}.Debug|Any CPU.Build.0 = Debug|Any CPU
		{319D7430-0962-4518-AF5A-1CA0E4D0B538}.Release|Any CPU.ActiveCfg = Release|Any CPU
		{319D7430-0962-4518-AF5A-1CA0E4D0B538}.Release|Any CPU.Build.0 = Release|Any CPU
	EndGlobalSection
	GlobalSection(SolutionProperties) = preSolution
		HideSolutionNode = FALSE
	EndGlobalSection
	GlobalSection(ExtensibilityGlobals) = postSolution
		SolutionGuid = {2DBD989A-2BB8-4F7C-B557-8C5AD9AD66D2}
	EndGlobalSection
EndGlobal
